
Microsoft Visual Studio Solution File, Format Version 12.00
# Visual Studio Version 17
VisualStudioVersion = 17.11.35327.3
MinimumVisualStudioVersion = 10.0.40219.1
Project("{8BC9CEB8-8B4A-11D0-8D11-00A0C91BC942}") = "SE_Asm04_asm", "SE_Asm04_asm\SE_Asm04_asm.vcxproj", "{8CF89172-A04C-4FF8-A98A-FD8DDEAA838D}"
EndProject
Project("{8BC9CEB8-8B4A-11D0-8D11-00A0C91BC942}") = "Serealizer", "Serealizer\Serealizer.vcxproj", "{4B29A1F4-E42F-433E-A074-263A85632904}"
EndProject
Project("{8BC9CEB8-8B4A-11D0-8D11-00A0C91BC942}") = "Deserealizer", "Deserealizer\Deserealizer.vcxproj", "{EB75BA57-BD5F-4D60-9C73-C9D5F2E01834}"
EndProject
Global
	GlobalSection(SolutionConfigurationPlatforms) = preSolution
		Debug|x64 = Debug|x64
		Debug|x86 = Debug|x86
		Release|x64 = Release|x64
		Release|x86 = Release|x86
	EndGlobalSection
	GlobalSection(ProjectConfigurationPlatforms) = postSolution
		{8CF89172-A04C-4FF8-A98A-FD8DDEAA838D}.Debug|x64.ActiveCfg = Debug|x64
		{8CF89172-A04C-4FF8-A98A-FD8DDEAA838D}.Debug|x64.Build.0 = Debug|x64
		{8CF89172-A04C-4FF8-A98A-FD8DDEAA838D}.Debug|x86.ActiveCfg = Debug|Win32
		{8CF89172-A04C-4FF8-A98A-FD8DDEAA838D}.Debug|x86.Build.0 = Debug|Win32
		{8CF89172-A04C-4FF8-A98A-FD8DDEAA838D}.Release|x64.ActiveCfg = Release|x64
		{8CF89172-A04C-4FF8-A98A-FD8DDEAA838D}.Release|x64.Build.0 = Release|x64
		{8CF89172-A04C-4FF8-A98A-FD8DDEAA838D}.Release|x86.ActiveCfg = Release|Win32
		{8CF89172-A04C-4FF8-A98A-FD8DDEAA838D}.Release|x86.Build.0 = Release|Win32
		{4B29A1F4-E42F-433E-A074-263A85632904}.Debug|x64.ActiveCfg = Debug|x64
		{4B29A1F4-E42F-433E-A074-263A85632904}.Debug|x64.Build.0 = Debug|x64
		{4B29A1F4-E42F-433E-A074-263A85632904}.Debug|x86.ActiveCfg = Debug|Win32
		{4B29A1F4-E42F-433E-A074-263A85632904}.Debug|x86.Build.0 = Debug|Win32
		{4B29A1F4-E42F-433E-A074-263A85632904}.Release|x64.ActiveCfg = Release|x64
		{4B29A1F4-E42F-433E-A074-263A85632904}.Release|x64.Build.0 = Release|x64
		{4B29A1F4-E42F-433E-A074-263A85632904}.Release|x86.ActiveCfg = Release|Win32
		{4B29A1F4-E42F-433E-A074-263A85632904}.Release|x86.Build.0 = Release|Win32
		{EB75BA57-BD5F-4D60-9C73-C9D5F2E01834}.Debug|x64.ActiveCfg = Debug|x64
		{EB75BA57-BD5F-4D60-9C73-C9D5F2E01834}.Debug|x64.Build.0 = Debug|x64
		{EB75BA57-BD5F-4D60-9C73-C9D5F2E01834}.Debug|x86.ActiveCfg = Debug|Win32
		{EB75BA57-BD5F-4D60-9C73-C9D5F2E01834}.Debug|x86.Build.0 = Debug|Win32
		{EB75BA57-BD5F-4D60-9C73-C9D5F2E01834}.Release|x64.ActiveCfg = Release|x64
		{EB75BA57-BD5F-4D60-9C73-C9D5F2E01834}.Release|x64.Build.0 = Release|x64
		{EB75BA57-BD5F-4D60-9C73-C9D5F2E01834}.Release|x86.ActiveCfg = Release|Win32
		{EB75BA57-BD5F-4D60-9C73-C9D5F2E01834}.Release|x86.Build.0 = Release|Win32
	EndGlobalSection
	GlobalSection(SolutionProperties) = preSolution
		HideSolutionNode = FALSE
	EndGlobalSection
	GlobalSection(ExtensibilityGlobals) = postSolution
		SolutionGuid = {DCA8A113-18DB-4DAD-B352-690FC2378CF3}
	EndGlobalSection
EndGlobal
